
Microsoft Visual Studio Solution File, Format Version 12.00
# Visual Studio 15
VisualStudioVersion = 15.0.27428.2015
MinimumVisualStudioVersion = 10.0.40219.1
Project("{FAE04EC0-301F-11D3-BF4B-00C04F79EFBC}") = "Blixt", "Blixt\Blixt.csproj", "{0529FFA2-89B3-4A60-803A-9B1C28DAE19A}"
EndProject
Project("{FAE04EC0-301F-11D3-BF4B-00C04F79EFBC}") = "Blixt.Contracts", "Blixt.Contracts\Blixt.Contracts.csproj", "{71CCDDCC-A610-4158-8AC8-BB21C186E1D4}"
EndProject
Global
	GlobalSection(SolutionConfigurationPlatforms) = preSolution
		Debug|Any CPU = Debug|Any CPU
		Release|Any CPU = Release|Any CPU
	EndGlobalSection
	GlobalSection(ProjectConfigurationPlatforms) = postSolution
		{0529FFA2-89B3-4A60-803A-9B1C28DAE19A}.Debug|Any CPU.ActiveCfg = Debug|Any CPU
		{0529FFA2-89B3-4A60-803A-9B1C28DAE19A}.Debug|Any CPU.Build.0 = Debug|Any CPU
		{0529FFA2-89B3-4A60-803A-9B1C28DAE19A}.Release|Any CPU.ActiveCfg = Release|Any CPU
		{0529FFA2-89B3-4A60-803A-9B1C28DAE19A}.Release|Any CPU.Build.0 = Release|Any CPU
		{71CCDDCC-A610-4158-8AC8-BB21C186E1D4}.Debug|Any CPU.ActiveCfg = Debug|Any CPU
		{71CCDDCC-A610-4158-8AC8-BB21C186E1D4}.Debug|Any CPU.Build.0 = Debug|Any CPU
		{71CCDDCC-A610-4158-8AC8-BB21C186E1D4}.Release|Any CPU.ActiveCfg = Release|Any CPU
		{71CCDDCC-A610-4158-8AC8-BB21C186E1D4}.Release|Any CPU.Build.0 = Release|Any CPU
	EndGlobalSection
	GlobalSection(SolutionProperties) = preSolution
		HideSolutionNode = FALSE
	EndGlobalSection
	GlobalSection(ExtensibilityGlobals) = postSolution
		SolutionGuid = {44BEE053-B430-4AF4-9966-345C3E25DA7B}
	EndGlobalSection
EndGlobal
